
Microsoft Visual Studio Solution File, Format Version 12.00
# Visual Studio Version 17
VisualStudioVersion = 17.3.32901.215
MinimumVisualStudioVersion = 10.0.40219.1
Project("{FAE04EC0-301F-11D3-BF4B-00C04F79EFBC}") = "TiendaAPI", "TiendaAPI.csproj", "{53FC1D62-F079-49C9-96DF-9983B98FBA96}"
EndProject
Global
	GlobalSection(SolutionConfigurationPlatforms) = preSolution
		Debug|Any CPU = Debug|Any CPU
		Release|Any CPU = Release|Any CPU
	EndGlobalSection
	GlobalSection(ProjectConfigurationPlatforms) = postSolution
		{53FC1D62-F079-49C9-96DF-9983B98FBA96}.Debug|Any CPU.ActiveCfg = Debug|Any CPU
		{53FC1D62-F079-49C9-96DF-9983B98FBA96}.Debug|Any CPU.Build.0 = Debug|Any CPU
		{53FC1D62-F079-49C9-96DF-9983B98FBA96}.Release|Any CPU.ActiveCfg = Release|Any CPU
		{53FC1D62-F079-49C9-96DF-9983B98FBA96}.Release|Any CPU.Build.0 = Release|Any CPU
	EndGlobalSection
	GlobalSection(SolutionProperties) = preSolution
		HideSolutionNode = FALSE
	EndGlobalSection
	GlobalSection(ExtensibilityGlobals) = postSolution
		SolutionGuid = {D404F1C2-A663-40D2-9934-4124472C44D1}
	EndGlobalSection
EndGlobal
